
Microsoft Visual Studio Solution File, Format Version 12.00
# Visual Studio 15
VisualStudioVersion = 15.0.27130.2010
MinimumVisualStudioVersion = 10.0.40219.1
Project("{FAE04EC0-301F-11D3-BF4B-00C04F79EFBC}") = "A117", "A117\A117.csproj", "{10BFAF99-1B15-452E-B7DC-2CB2B3456C93}"
EndProject
Project("{FAE04EC0-301F-11D3-BF4B-00C04F79EFBC}") = "A115", "A115\A115.csproj", "{C85C9FB0-ADB7-48D8-8A1E-163CAD2AC0DD}"
EndProject
Project("{FAE04EC0-301F-11D3-BF4B-00C04F79EFBC}") = "A122", "A122\A122.csproj", "{CEA6C2B5-A33F-4D7A-A352-946E7917E050}"
EndProject
Project("{FAE04EC0-301F-11D3-BF4B-00C04F79EFBC}") = "A124", "A124\A124.csproj", "{765D4AD9-0FE0-491D-B66C-C961E27F68FF}"
EndProject
Project("{FAE04EC0-301F-11D3-BF4B-00C04F79EFBC}") = "InputGenerator", "InputGenerator\InputGenerator.csproj", "{B1F7DAF0-BD41-41A5-AB8B-649E6E9DA81A}"
EndProject
Project("{FAE04EC0-301F-11D3-BF4B-00C04F79EFBC}") = "A129", "A129\A129.csproj", "{3EBB7259-014B-4ADF-8D5D-17634B46CC81}"
EndProject
Global
	GlobalSection(SolutionConfigurationPlatforms) = preSolution
		Debug|Any CPU = Debug|Any CPU
		Debug|x64 = Debug|x64
		Debug|x86 = Debug|x86
		Release|Any CPU = Release|Any CPU
		Release|x64 = Release|x64
		Release|x86 = Release|x86
	EndGlobalSection
	GlobalSection(ProjectConfigurationPlatforms) = postSolution
		{10BFAF99-1B15-452E-B7DC-2CB2B3456C93}.Debug|Any CPU.ActiveCfg = Debug|Any CPU
		{10BFAF99-1B15-452E-B7DC-2CB2B3456C93}.Debug|Any CPU.Build.0 = Debug|Any CPU
		{10BFAF99-1B15-452E-B7DC-2CB2B3456C93}.Debug|x64.ActiveCfg = Debug|Any CPU
		{10BFAF99-1B15-452E-B7DC-2CB2B3456C93}.Debug|x64.Build.0 = Debug|Any CPU
		{10BFAF99-1B15-452E-B7DC-2CB2B3456C93}.Debug|x86.ActiveCfg = Debug|Any CPU
		{10BFAF99-1B15-452E-B7DC-2CB2B3456C93}.Debug|x86.Build.0 = Debug|Any CPU
		{10BFAF99-1B15-452E-B7DC-2CB2B3456C93}.Release|Any CPU.ActiveCfg = Release|Any CPU
		{10BFAF99-1B15-452E-B7DC-2CB2B3456C93}.Release|Any CPU.Build.0 = Release|Any CPU
		{10BFAF99-1B15-452E-B7DC-2CB2B3456C93}.Release|x64.ActiveCfg = Release|Any CPU
		{10BFAF99-1B15-452E-B7DC-2CB2B3456C93}.Release|x64.Build.0 = Release|Any CPU
		{10BFAF99-1B15-452E-B7DC-2CB2B3456C93}.Release|x86.ActiveCfg = Release|Any CPU
		{10BFAF99-1B15-452E-B7DC-2CB2B3456C93}.Release|x86.Build.0 = Release|Any CPU
		{C85C9FB0-ADB7-48D8-8A1E-163CAD2AC0DD}.Debug|Any CPU.ActiveCfg = Debug|Any CPU
		{C85C9FB0-ADB7-48D8-8A1E-163CAD2AC0DD}.Debug|Any CPU.Build.0 = Debug|Any CPU
		{C85C9FB0-ADB7-48D8-8A1E-163CAD2AC0DD}.Debug|x64.ActiveCfg = Debug|Any CPU
		{C85C9FB0-ADB7-48D8-8A1E-163CAD2AC0DD}.Debug|x64.Build.0 = Debug|Any CPU
		{C85C9FB0-ADB7-48D8-8A1E-163CAD2AC0DD}.Debug|x86.ActiveCfg = Debug|Any CPU
		{C85C9FB0-ADB7-48D8-8A1E-163CAD2AC0DD}.Debug|x86.Build.0 = Debug|Any CPU
		{C85C9FB0-ADB7-48D8-8A1E-163CAD2AC0DD}.Release|Any CPU.ActiveCfg = Release|Any CPU
		{C85C9FB0-ADB7-48D8-8A1E-163CAD2AC0DD}.Release|Any CPU.Build.0 = Release|Any CPU
		{C85C9FB0-ADB7-48D8-8A1E-163CAD2AC0DD}.Release|x64.ActiveCfg = Release|Any CPU
		{C85C9FB0-ADB7-48D8-8A1E-163CAD2AC0DD}.Release|x64.Build.0 = Release|Any CPU
		{C85C9FB0-ADB7-48D8-8A1E-163CAD2AC0DD}.Release|x86.ActiveCfg = Release|Any CPU
		{C85C9FB0-ADB7-48D8-8A1E-163CAD2AC0DD}.Release|x86.Build.0 = Release|Any CPU
		{CEA6C2B5-A33F-4D7A-A352-946E7917E050}.Debug|Any CPU.ActiveCfg = Debug|Any CPU
		{CEA6C2B5-A33F-4D7A-A352-946E7917E050}.Debug|Any CPU.Build.0 = Debug|Any CPU
		{CEA6C2B5-A33F-4D7A-A352-946E7917E050}.Debug|x64.ActiveCfg = Debug|Any CPU
		{CEA6C2B5-A33F-4D7A-A352-946E7917E050}.Debug|x64.Build.0 = Debug|Any CPU
		{CEA6C2B5-A33F-4D7A-A352-946E7917E050}.Debug|x86.ActiveCfg = Debug|Any CPU
		{CEA6C2B5-A33F-4D7A-A352-946E7917E050}.Debug|x86.Build.0 = Debug|Any CPU
		{CEA6C2B5-A33F-4D7A-A352-946E7917E050}.Release|Any CPU.ActiveCfg = Release|Any CPU
		{CEA6C2B5-A33F-4D7A-A352-946E7917E050}.Release|Any CPU.Build.0 = Release|Any CPU
		{CEA6C2B5-A33F-4D7A-A352-946E7917E050}.Release|x64.ActiveCfg = Release|Any CPU
		{CEA6C2B5-A33F-4D7A-A352-946E7917E050}.Release|x64.Build.0 = Release|Any CPU
		{CEA6C2B5-A33F-4D7A-A352-946E7917E050}.Release|x86.ActiveCfg = Release|Any CPU
		{CEA6C2B5-A33F-4D7A-A352-946E7917E050}.Release|x86.Build.0 = Release|Any CPU
		{765D4AD9-0FE0-491D-B66C-C961E27F68FF}.Debug|Any CPU.ActiveCfg = Debug|Any CPU
		{765D4AD9-0FE0-491D-B66C-C961E27F68FF}.Debug|Any CPU.Build.0 = Debug|Any CPU
		{765D4AD9-0FE0-491D-B66C-C961E27F68FF}.Debug|x64.ActiveCfg = Debug|Any CPU
		{765D4AD9-0FE0-491D-B66C-C961E27F68FF}.Debug|x64.Build.0 = Debug|Any CPU
		{765D4AD9-0FE0-491D-B66C-C961E27F68FF}.Debug|x86.ActiveCfg = Debug|Any CPU
		{765D4AD9-0FE0-491D-B66C-C961E27F68FF}.Debug|x86.Build.0 = Debug|Any CPU
		{765D4AD9-0FE0-491D-B66C-C961E27F68FF}.Release|Any CPU.ActiveCfg = Release|Any CPU
		{765D4AD9-0FE0-491D-B66C-C961E27F68FF}.Release|Any CPU.Build.0 = Release|Any CPU
		{765D4AD9-0FE0-491D-B66C-C961E27F68FF}.Release|x64.ActiveCfg = Release|Any CPU
		{765D4AD9-0FE0-491D-B66C-C961E27F68FF}.Release|x64.Build.0 = Release|Any CPU
		{765D4AD9-0FE0-491D-B66C-C961E27F68FF}.Release|x86.ActiveCfg = Release|Any CPU
		{765D4AD9-0FE0-491D-B66C-C961E27F68FF}.Release|x86.Build.0 = Release|Any CPU
		{B1F7DAF0-BD41-41A5-AB8B-649E6E9DA81A}.Debug|Any CPU.ActiveCfg = Debug|Any CPU
		{B1F7DAF0-BD41-41A5-AB8B-649E6E9DA81A}.Debug|Any CPU.Build.0 = Debug|Any CPU
		{B1F7DAF0-BD41-41A5-AB8B-649E6E9DA81A}.Debug|x64.ActiveCfg = Debug|Any CPU
		{B1F7DAF0-BD41-41A5-AB8B-649E6E9DA81A}.Debug|x64.Build.0 = Debug|Any CPU
		{B1F7DAF0-BD41-41A5-AB8B-649E6E9DA81A}.Debug|x86.ActiveCfg = Debug|Any CPU
		{B1F7DAF0-BD41-41A5-AB8B-649E6E9DA81A}.Debug|x86.Build.0 = Debug|Any CPU
		{B1F7DAF0-BD41-41A5-AB8B-649E6E9DA81A}.Release|Any CPU.ActiveCfg = Release|Any CPU
		{B1F7DAF0-BD41-41A5-AB8B-649E6E9DA81A}.Release|Any CPU.Build.0 = Release|Any CPU
		{B1F7DAF0-BD41-41A5-AB8B-649E6E9DA81A}.Release|x64.ActiveCfg = Release|Any CPU
		{B1F7DAF0-BD41-41A5-AB8B-649E6E9DA81A}.Release|x64.Build.0 = Release|Any CPU
		{B1F7DAF0-BD41-41A5-AB8B-649E6E9DA81A}.Release|x86.ActiveCfg = Release|Any CPU
		{B1F7DAF0-BD41-41A5-AB8B-649E6E9DA81A}.Release|x86.Build.0 = Release|Any CPU
		{3EBB7259-014B-4ADF-8D5D-17634B46CC81}.Debug|Any CPU.ActiveCfg = Debug|Any CPU
		{3EBB7259-014B-4ADF-8D5D-17634B46CC81}.Debug|Any CPU.Build.0 = Debug|Any CPU
		{3EBB7259-014B-4ADF-8D5D-17634B46CC81}.Debug|x64.ActiveCfg = Debug|Any CPU
		{3EBB7259-014B-4ADF-8D5D-17634B46CC81}.Debug|x64.Build.0 = Debug|Any CPU
		{3EBB7259-014B-4ADF-8D5D-17634B46CC81}.Debug|x86.ActiveCfg = Debug|Any CPU
		{3EBB7259-014B-4ADF-8D5D-17634B46CC81}.Debug|x86.Build.0 = Debug|Any CPU
		{3EBB7259-014B-4ADF-8D5D-17634B46CC81}.Release|Any CPU.ActiveCfg = Release|Any CPU
		{3EBB7259-014B-4ADF-8D5D-17634B46CC81}.Release|Any CPU.Build.0 = Release|Any CPU
		{3EBB7259-014B-4ADF-8D5D-17634B46CC81}.Release|x64.ActiveCfg = Release|Any CPU
		{3EBB7259-014B-4ADF-8D5D-17634B46CC81}.Release|x64.Build.0 = Release|Any CPU
		{3EBB7259-014B-4ADF-8D5D-17634B46CC81}.Release|x86.ActiveCfg = Release|Any CPU
		{3EBB7259-014B-4ADF-8D5D-17634B46CC81}.Release|x86.Build.0 = Release|Any CPU
	EndGlobalSection
	GlobalSection(SolutionProperties) = preSolution
		HideSolutionNode = FALSE
	EndGlobalSection
	GlobalSection(ExtensibilityGlobals) = postSolution
		SolutionGuid = {8A268B8F-E434-47DC-B423-FCB420A9334E}
	EndGlobalSection
EndGlobal
